// !$*UTF8*$!
{
	archiveVersion = 1;
	classes = {
	};
	objectVersion = 46;
	objects = {

/* Begin PBXBuildFile section */
		9446514C1D4FD6360072E626 /* FloodingAnnotationView.swift in Sources */ = {isa = PBXBuildFile; fileRef = 9446514B1D4FD6360072E626 /* FloodingAnnotationView.swift */; };
		9446514F1D4FE4E70072E626 /* CloudKit.framework in Frameworks */ = {isa = PBXBuildFile; fileRef = 9446514E1D4FE4E70072E626 /* CloudKit.framework */; };
		94ECA1821D4A6FE400D24521 /* AppDelegate.swift in Sources */ = {isa = PBXBuildFile; fileRef = 94ECA1811D4A6FE400D24521 /* AppDelegate.swift */; };
		94ECA1841D4A6FE400D24521 /* FloodMapViewController.swift in Sources */ = {isa = PBXBuildFile; fileRef = 94ECA1831D4A6FE400D24521 /* FloodMapViewController.swift */; };
		94ECA1871D4A6FE400D24521 /* Main.storyboard in Resources */ = {isa = PBXBuildFile; fileRef = 94ECA1851D4A6FE400D24521 /* Main.storyboard */; };
		94ECA1891D4A6FE400D24521 /* Assets.xcassets in Resources */ = {isa = PBXBuildFile; fileRef = 94ECA1881D4A6FE400D24521 /* Assets.xcassets */; };
		94ECA18C1D4A6FE400D24521 /* LaunchScreen.storyboard in Resources */ = {isa = PBXBuildFile; fileRef = 94ECA18A1D4A6FE400D24521 /* LaunchScreen.storyboard */; };
		94ECA1941D4A739700D24521 /* BlurView.swift in Sources */ = {isa = PBXBuildFile; fileRef = 94ECA1931D4A739700D24521 /* BlurView.swift */; };
/* End PBXBuildFile section */

/* Begin PBXFileReference section */
		9446514B1D4FD6360072E626 /* FloodingAnnotationView.swift */ = {isa = PBXFileReference; fileEncoding = 4; lastKnownFileType = sourcecode.swift; path = FloodingAnnotationView.swift; sourceTree = "<group>"; };
		9446514D1D4FE4DE0072E626 /* Flood Map.entitlements */ = {isa = PBXFileReference; lastKnownFileType = text.xml; path = "Flood Map.entitlements"; sourceTree = "<group>"; };
		9446514E1D4FE4E70072E626 /* CloudKit.framework */ = {isa = PBXFileReference; lastKnownFileType = wrapper.framework; name = CloudKit.framework; path = System/Library/Frameworks/CloudKit.framework; sourceTree = SDKROOT; };
		94ECA17E1D4A6FE400D24521 /* Flood Map.app */ = {isa = PBXFileReference; explicitFileType = wrapper.application; includeInIndex = 0; path = "Flood Map.app"; sourceTree = BUILT_PRODUCTS_DIR; };
		94ECA1811D4A6FE400D24521 /* AppDelegate.swift */ = {isa = PBXFileReference; lastKnownFileType = sourcecode.swift; path = AppDelegate.swift; sourceTree = "<group>"; };
		94ECA1831D4A6FE400D24521 /* FloodMapViewController.swift */ = {isa = PBXFileReference; lastKnownFileType = sourcecode.swift; path = FloodMapViewController.swift; sourceTree = "<group>"; };
		94ECA1861D4A6FE400D24521 /* Base */ = {isa = PBXFileReference; lastKnownFileType = file.storyboard; name = Base; path = Base.lproj/Main.storyboard; sourceTree = "<group>"; };
		94ECA1881D4A6FE400D24521 /* Assets.xcassets */ = {isa = PBXFileReference; lastKnownFileType = folder.assetcatalog; path = Assets.xcassets; sourceTree = "<group>"; };
		94ECA18B1D4A6FE400D24521 /* Base */ = {isa = PBXFileReference; lastKnownFileType = file.storyboard; name = Base; path = Base.lproj/LaunchScreen.storyboard; sourceTree = "<group>"; };
		94ECA18D1D4A6FE400D24521 /* Info.plist */ = {isa = PBXFileReference; lastKnownFileType = text.plist.xml; path = Info.plist; sourceTree = "<group>"; };
		94ECA1931D4A739700D24521 /* BlurView.swift */ = {isa = PBXFileReference; fileEncoding = 4; lastKnownFileType = sourcecode.swift; path = BlurView.swift; sourceTree = "<group>"; };
/* End PBXFileReference section */

/* Begin PBXFrameworksBuildPhase section */
		94ECA17B1D4A6FE400D24521 /* Frameworks */ = {
			isa = PBXFrameworksBuildPhase;
			buildActionMask = 2147483647;
			files = (
				9446514F1D4FE4E70072E626 /* CloudKit.framework in Frameworks */,
			);
			runOnlyForDeploymentPostprocessing = 0;
		};
/* End PBXFrameworksBuildPhase section */

/* Begin PBXGroup section */
		94ECA1751D4A6FE400D24521 = {
			isa = PBXGroup;
			children = (
				9446514E1D4FE4E70072E626 /* CloudKit.framework */,
				94ECA1801D4A6FE400D24521 /* Flood Map */,
				94ECA17F1D4A6FE400D24521 /* Products */,
			);
			sourceTree = "<group>";
		};
		94ECA17F1D4A6FE400D24521 /* Products */ = {
			isa = PBXGroup;
			children = (
				94ECA17E1D4A6FE400D24521 /* Flood Map.app */,
			);
			name = Products;
			sourceTree = "<group>";
		};
		94ECA1801D4A6FE400D24521 /* Flood Map */ = {
			isa = PBXGroup;
			children = (
				9446514D1D4FE4DE0072E626 /* Flood Map.entitlements */,
				94ECA1811D4A6FE400D24521 /* AppDelegate.swift */,
				94ECA1831D4A6FE400D24521 /* FloodMapViewController.swift */,
				94ECA1851D4A6FE400D24521 /* Main.storyboard */,
				94ECA1881D4A6FE400D24521 /* Assets.xcassets */,
				94ECA18A1D4A6FE400D24521 /* LaunchScreen.storyboard */,
				94ECA18D1D4A6FE400D24521 /* Info.plist */,
				94ECA1931D4A739700D24521 /* BlurView.swift */,
				9446514B1D4FD6360072E626 /* FloodingAnnotationView.swift */,
			);
			path = "Flood Map";
			sourceTree = "<group>";
		};
/* End PBXGroup section */

/* Begin PBXNativeTarget section */
		94ECA17D1D4A6FE400D24521 /* Flood Map */ = {
			isa = PBXNativeTarget;
			buildConfigurationList = 94ECA1901D4A6FE400D24521 /* Build configuration list for PBXNativeTarget "Flood Map" */;
			buildPhases = (
				94ECA17A1D4A6FE400D24521 /* Sources */,
				94ECA17B1D4A6FE400D24521 /* Frameworks */,
				94ECA17C1D4A6FE400D24521 /* Resources */,
			);
			buildRules = (
			);
			dependencies = (
			);
			name = "Flood Map";
			productName = "Flood Map";
			productReference = 94ECA17E1D4A6FE400D24521 /* Flood Map.app */;
			productType = "com.apple.product-type.application";
		};
/* End PBXNativeTarget section */

/* Begin PBXProject section */
		94ECA1761D4A6FE400D24521 /* Project object */ = {
			isa = PBXProject;
			attributes = {
				LastSwiftUpdateCheck = 0730;
				LastUpgradeCheck = 0730;
				ORGANIZATIONNAME = "Ryan Cortez";
				TargetAttributes = {
					94ECA17D1D4A6FE400D24521 = {
						CreatedOnToolsVersion = 7.3.1;
						DevelopmentTeam = DJM86A6U7U;
						SystemCapabilities = {
							com.apple.iCloud = {
								enabled = 1;
							};
						};
					};
				};
			};
			buildConfigurationList = 94ECA1791D4A6FE400D24521 /* Build configuration list for PBXProject "Flood Map" */;
			compatibilityVersion = "Xcode 3.2";
			developmentRegion = English;
			hasScannedForEncodings = 0;
			knownRegions = (
				en,
				Base,
			);
			mainGroup = 94ECA1751D4A6FE400D24521;
			productRefGroup = 94ECA17F1D4A6FE400D24521 /* Products */;
			projectDirPath = "";
			projectRoot = "";
			targets = (
				94ECA17D1D4A6FE400D24521 /* Flood Map */,
			);
		};
/* End PBXProject section */

/* Begin PBXResourcesBuildPhase section */
		94ECA17C1D4A6FE400D24521 /* Resources */ = {
			isa = PBXResourcesBuildPhase;
			buildActionMask = 2147483647;
			files = (
				94ECA18C1D4A6FE400D24521 /* LaunchScreen.storyboard in Resources */,
				94ECA1891D4A6FE400D24521 /* Assets.xcassets in Resources */,
				94ECA1871D4A6FE400D24521 /* Main.storyboard in Resources */,
			);
			runOnlyForDeploymentPostprocessing = 0;
		};
/* End PBXResourcesBuildPhase section */

/* Begin PBXSourcesBuildPhase section */
		94ECA17A1D4A6FE400D24521 /* Sources */ = {
			isa = PBXSourcesBuildPhase;
			buildActionMask = 2147483647;
			files = (
				94ECA1841D4A6FE400D24521 /* FloodMapViewController.swift in Sources */,
				94ECA1821D4A6FE400D24521 /* AppDelegate.swift in Sources */,
				94ECA1941D4A739700D24521 /* BlurView.swift in Sources */,
				9446514C1D4FD6360072E626 /* FloodingAnnotationView.swift in Sources */,
			);
			runOnlyForDeploymentPostprocessing = 0;
		};
/* End PBXSourcesBuildPhase section */

/* Begin PBXVariantGroup section */
		94ECA1851D4A6FE400D24521 /* Main.storyboard */ = {
			isa = PBXVariantGroup;
			children = (
				94ECA1861D4A6FE400D24521 /* Base */,
			);
			name = Main.storyboard;
			sourceTree = "<group>";
		};
		94ECA18A1D4A6FE400D24521 /* LaunchScreen.storyboard */ = {
			isa = PBXVariantGroup;
			children = (
				94ECA18B1D4A6FE400D24521 /* Base */,
			);
			name = LaunchScreen.storyboard;
			sourceTree = "<group>";
		};
/* End PBXVariantGroup section */

/* Begin XCBuildConfiguration section */
		94ECA18E1D4A6FE400D24521 /* Debug */ = {
			isa = XCBuildConfiguration;
			buildSettings = {
				ALWAYS_SEARCH_USER_PATHS = NO;
				CLANG_ANALYZER_NONNULL = YES;
				CLANG_CXX_LANGUAGE_STANDARD = "gnu++0x";
				CLANG_CXX_LIBRARY = "libc++";
				CLANG_ENABLE_MODULES = YES;
				CLANG_ENABLE_OBJC_ARC = YES;
				CLANG_WARN_BOOL_CONVERSION = YES;
				CLANG_WARN_CONSTANT_CONVERSION = YES;
				CLANG_WARN_DIRECT_OBJC_ISA_USAGE = YES_ERROR;
				CLANG_WARN_EMPTY_BODY = YES;
				CLANG_WARN_ENUM_CONVERSION = YES;
				CLANG_WARN_INT_CONVERSION = YES;
				CLANG_WARN_OBJC_ROOT_CLASS = YES_ERROR;
				CLANG_WARN_UNREACHABLE_CODE = YES;
				CLANG_WARN__DUPLICATE_METHOD_MATCH = YES;
				"CODE_SIGN_IDENTITY[sdk=iphoneos*]" = "iPhone Developer";
				COPY_PHASE_STRIP = NO;
				DEBUG_INFORMATION_FORMAT = dwarf;
				ENABLE_STRICT_OBJC_MSGSEND = YES;
				ENABLE_TESTABILITY = YES;
				GCC_C_LANGUAGE_STANDARD = gnu99;
				GCC_DYNAMIC_NO_PIC = NO;
				GCC_NO_COMMON_BLOCKS = YES;
				GCC_OPTIMIZATION_LEVEL = 0;
				GCC_PREPROCESSOR_DEFINITIONS = (
					"DEBUG=1",
					"$(inherited)",
				);
				GCC_WARN_64_TO_32_BIT_CONVERSION = YES;
				GCC_WARN_ABOUT_RETURN_TYPE = YES_ERROR;
				GCC_WARN_UNDECLARED_SELECTOR = YES;
				GCC_WARN_UNINITIALIZED_AUTOS = YES_AGGRESSIVE;
				GCC_WARN_UNUSED_FUNCTION = YES;
				GCC_WARN_UNUSED_VARIABLE = YES;
				IPHONEOS_DEPLOYMENT_TARGET = 9.3;
				MTL_ENABLE_DEBUG_INFO = YES;
				ONLY_ACTIVE_ARCH = YES;
				SDKROOT = iphoneos;
				SWIFT_OPTIMIZATION_LEVEL = "-Onone";
				TARGETED_DEVICE_FAMILY = "1,2";
			};
			name = Debug;
		};
		94ECA18F1D4A6FE400D24521 /* Release */ = {
			isa = XCBuildConfiguration;
			buildSettings = {
				ALWAYS_SEARCH_USER_PATHS = NO;
				CLANG_ANALYZER_NONNULL = YES;
				CLANG_CXX_LANGUAGE_STANDARD = "gnu++0x";
				CLANG_CXX_LIBRARY = "libc++";
				CLANG_ENABLE_MODULES = YES;
				CLANG_ENABLE_OBJC_ARC = YES;
				CLANG_WARN_BOOL_CONVERSION = YES;
				CLANG_WARN_CONSTANT_CONVERSION = YES;
				CLANG_WARN_DIRECT_OBJC_ISA_USAGE = YES_ERROR;
				CLANG_WARN_EMPTY_BODY = YES;
				CLANG_WARN_ENUM_CONVERSION = YES;
				CLANG_WARN_INT_CONVERSION = YES;
				CLANG_WARN_OBJC_ROOT_CLASS = YES_ERROR;
				CLANG_WARN_UNREACHABLE_CODE = YES;
				CLANG_WARN__DUPLICATE_METHOD_MATCH = YES;
				"CODE_SIGN_IDENTITY[sdk=iphoneos*]" = "iPhone Developer";
				COPY_PHASE_STRIP = NO;
				DEBUG_INFORMATION_FORMAT = "dwarf-with-dsym";
				ENABLE_NS_ASSERTIONS = NO;
				ENABLE_STRICT_OBJC_MSGSEND = YES;
				GCC_C_LANGUAGE_STANDARD = gnu99;
				GCC_NO_COMMON_BLOCKS = YES;
				GCC_WARN_64_TO_32_BIT_CONVERSION = YES;
				GCC_WARN_ABOUT_RETURN_TYPE = YES_ERROR;
				GCC_WARN_UNDECLARED_SELECTOR = YES;
				GCC_WARN_UNINITIALIZED_AUTOS = YES_AGGRESSIVE;
				GCC_WARN_UNUSED_FUNCTION = YES;
				GCC_WARN_UNUSED_VARIABLE = YES;
				IPHONEOS_DEPLOYMENT_TARGET = 9.3;
				MTL_ENABLE_DEBUG_INFO = NO;
				SDKROOT = iphoneos;
				TARGETED_DEVICE_FAMILY = "1,2";
				VALIDATE_PRODUCT = YES;
			};
			name = Release;
		};
		94ECA1911D4A6FE400D24521 /* Debug */ = {
			isa = XCBuildConfiguration;
			buildSettings = {
				ASSETCATALOG_COMPILER_APPICON_NAME = AppIcon;
				CODE_SIGN_ENTITLEMENTS = "Flood Map/Flood Map.entitlements";
				INFOPLIST_FILE = "Flood Map/Info.plist";
				LD_RUNPATH_SEARCH_PATHS = "$(inherited) @executable_path/Frameworks";
				PRODUCT_BUNDLE_IDENTIFIER = "ryancortez.Flood-Map";
				PRODUCT_NAME = "$(TARGET_NAME)";
			};
			name = Debug;
		};
		94ECA1921D4A6FE400D24521 /* Release */ = {
			isa = XCBuildConfiguration;
			buildSettings = {
				ASSETCATALOG_COMPILER_APPICON_NAME = AppIcon;
				CODE_SIGN_ENTITLEMENTS = "Flood Map/Flood Map.entitlements";
				INFOPLIST_FILE = "Flood Map/Info.plist";
				LD_RUNPATH_SEARCH_PATHS = "$(inherited) @executable_path/Frameworks";
				PRODUCT_BUNDLE_IDENTIFIER = "ryancortez.Flood-Map";
				PRODUCT_NAME = "$(TARGET_NAME)";
			};
			name = Release;
		};
/* End XCBuildConfiguration section */

/* Begin XCConfigurationList section */
		94ECA1791D4A6FE400D24521 /* Build configuration list for PBXProject "Flood Map" */ = {
			isa = XCConfigurationList;
			buildConfigurations = (
				94ECA18E1D4A6FE400D24521 /* Debug */,
				94ECA18F1D4A6FE400D24521 /* Release */,
			);
			defaultConfigurationIsVisible = 0;
			defaultConfigurationName = Release;
		};
		94ECA1901D4A6FE400D24521 /* Build configuration list for PBXNativeTarget "Flood Map" */ = {
			isa = XCConfigurationList;
			buildConfigurations = (
				94ECA1911D4A6FE400D24521 /* Debug */,
				94ECA1921D4A6FE400D24521 /* Release */,
			);
			defaultConfigurationIsVisible = 0;
			defaultConfigurationName = Release;
		};
/* End XCConfigurationList section */
	};
	rootObject = 94ECA1761D4A6FE400D24521 /* Project object */;
}
